
Microsoft Visual Studio Solution File, Format Version 12.00
# Visual Studio 15
VisualStudioVersion = 15.0.28307.779
MinimumVisualStudioVersion = 10.0.40219.1
Project("{FAE04EC0-301F-11D3-BF4B-00C04F79EFBC}") = "Sem2Ejemplo1", "Sem2Ejemplo1\Sem2Ejemplo1.csproj", "{D3C38BB6-65E9-4910-B73F-10B38663A9EB}"
EndProject
Global
	GlobalSection(SolutionConfigurationPlatforms) = preSolution
		Debug|Any CPU = Debug|Any CPU
		Release|Any CPU = Release|Any CPU
	EndGlobalSection
	GlobalSection(ProjectConfigurationPlatforms) = postSolution
		{D3C38BB6-65E9-4910-B73F-10B38663A9EB}.Debug|Any CPU.ActiveCfg = Debug|Any CPU
		{D3C38BB6-65E9-4910-B73F-10B38663A9EB}.Debug|Any CPU.Build.0 = Debug|Any CPU
		{D3C38BB6-65E9-4910-B73F-10B38663A9EB}.Release|Any CPU.ActiveCfg = Release|Any CPU
		{D3C38BB6-65E9-4910-B73F-10B38663A9EB}.Release|Any CPU.Build.0 = Release|Any CPU
	EndGlobalSection
	GlobalSection(SolutionProperties) = preSolution
		HideSolutionNode = FALSE
	EndGlobalSection
	GlobalSection(ExtensibilityGlobals) = postSolution
		SolutionGuid = {EE7EC0CC-DBEA-455E-9C74-76821921F52E}
	EndGlobalSection
EndGlobal
